
Microsoft Visual Studio Solution File, Format Version 12.00
# Visual Studio 14
VisualStudioVersion = 14.0.25123.0
MinimumVisualStudioVersion = 10.0.40219.1
Project("{FAE04EC0-301F-11D3-BF4B-00C04F79EFBC}") = "Test", "Test\Test.csproj", "{00943535-D62E-4563-8271-5703BC5C2787}"
EndProject
Project("{FAE04EC0-301F-11D3-BF4B-00C04F79EFBC}") = "ClassLibrary1", "ClassLibrary1\ClassLibrary1.csproj", "{808312EE-180D-43E3-8DD8-BFD05DDC35E0}"
EndProject
Global
	GlobalSection(SolutionConfigurationPlatforms) = preSolution
		Debug|Any CPU = Debug|Any CPU
		Release|Any CPU = Release|Any CPU
	EndGlobalSection
	GlobalSection(ProjectConfigurationPlatforms) = postSolution
		{00943535-D62E-4563-8271-5703BC5C2787}.Debug|Any CPU.ActiveCfg = Debug|Any CPU
		{00943535-D62E-4563-8271-5703BC5C2787}.Debug|Any CPU.Build.0 = Debug|Any CPU
		{00943535-D62E-4563-8271-5703BC5C2787}.Release|Any CPU.ActiveCfg = Release|Any CPU
		{00943535-D62E-4563-8271-5703BC5C2787}.Release|Any CPU.Build.0 = Release|Any CPU
		{808312EE-180D-43E3-8DD8-BFD05DDC35E0}.Debug|Any CPU.ActiveCfg = Debug|Any CPU
		{808312EE-180D-43E3-8DD8-BFD05DDC35E0}.Debug|Any CPU.Build.0 = Debug|Any CPU
		{808312EE-180D-43E3-8DD8-BFD05DDC35E0}.Release|Any CPU.ActiveCfg = Release|Any CPU
		{808312EE-180D-43E3-8DD8-BFD05DDC35E0}.Release|Any CPU.Build.0 = Release|Any CPU
	EndGlobalSection
	GlobalSection(SolutionProperties) = preSolution
		HideSolutionNode = FALSE
	EndGlobalSection
EndGlobal
