
Microsoft Visual Studio Solution File, Format Version 12.00
# Visual Studio 14
VisualStudioVersion = 14.0.25123.0
MinimumVisualStudioVersion = 10.0.40219.1
Project("{2150E333-8FDC-42A3-9474-1A3956D46DE8}") = "Web", "Web", "{211B34B7-EF35-4D71-9B3C-0BBFB83C972D}"
EndProject
Project("{FAE04EC0-301F-11D3-BF4B-00C04F79EFBC}") = "BTC.Shared.DataTables", "BTC.Shared.DataTables\BTC.Shared.DataTables.csproj", "{B46F2147-D517-4611-950F-10BBB37C414D}"
EndProject
Project("{FAE04EC0-301F-11D3-BF4B-00C04F79EFBC}") = "BTC.Shared.Automapper", "BTC.Shared.Automapper\BTC.Shared.Automapper.csproj", "{AFBF41A1-9BBC-4628-A71E-B0271C0CAAE4}"
EndProject
Project("{FAE04EC0-301F-11D3-BF4B-00C04F79EFBC}") = "BTC.Shared.Extensions", "BTC.Shared.Extensions\BTC.Shared.Extensions.csproj", "{09D20553-0F04-4F35-B513-9DB1286022C8}"
EndProject
Project("{FAE04EC0-301F-11D3-BF4B-00C04F79EFBC}") = "BTC.Shared.QueryObjects", "BTC.Shared.QueryObjects\BTC.Shared.QueryObjects.csproj", "{48DD28AF-3B92-4A3E-B49E-5C21343C5806}"
EndProject
Project("{FAE04EC0-301F-11D3-BF4B-00C04F79EFBC}") = "BTC.Shared.Automapper.UnitTests", "BTC.Shared.Automapper.UnitTests\BTC.Shared.Automapper.UnitTests.csproj", "{A1490742-A528-4008-AB83-8C7752BD1190}"
EndProject
Global
	GlobalSection(SolutionConfigurationPlatforms) = preSolution
		Debug|Any CPU = Debug|Any CPU
		Release|Any CPU = Release|Any CPU
	EndGlobalSection
	GlobalSection(ProjectConfigurationPlatforms) = postSolution
		{B46F2147-D517-4611-950F-10BBB37C414D}.Debug|Any CPU.ActiveCfg = Debug|Any CPU
		{B46F2147-D517-4611-950F-10BBB37C414D}.Debug|Any CPU.Build.0 = Debug|Any CPU
		{B46F2147-D517-4611-950F-10BBB37C414D}.Release|Any CPU.ActiveCfg = Release|Any CPU
		{B46F2147-D517-4611-950F-10BBB37C414D}.Release|Any CPU.Build.0 = Release|Any CPU
		{AFBF41A1-9BBC-4628-A71E-B0271C0CAAE4}.Debug|Any CPU.ActiveCfg = Debug|Any CPU
		{AFBF41A1-9BBC-4628-A71E-B0271C0CAAE4}.Debug|Any CPU.Build.0 = Debug|Any CPU
		{AFBF41A1-9BBC-4628-A71E-B0271C0CAAE4}.Release|Any CPU.ActiveCfg = Release|Any CPU
		{AFBF41A1-9BBC-4628-A71E-B0271C0CAAE4}.Release|Any CPU.Build.0 = Release|Any CPU
		{09D20553-0F04-4F35-B513-9DB1286022C8}.Debug|Any CPU.ActiveCfg = Debug|Any CPU
		{09D20553-0F04-4F35-B513-9DB1286022C8}.Debug|Any CPU.Build.0 = Debug|Any CPU
		{09D20553-0F04-4F35-B513-9DB1286022C8}.Release|Any CPU.ActiveCfg = Release|Any CPU
		{09D20553-0F04-4F35-B513-9DB1286022C8}.Release|Any CPU.Build.0 = Release|Any CPU
		{48DD28AF-3B92-4A3E-B49E-5C21343C5806}.Debug|Any CPU.ActiveCfg = Debug|Any CPU
		{48DD28AF-3B92-4A3E-B49E-5C21343C5806}.Debug|Any CPU.Build.0 = Debug|Any CPU
		{48DD28AF-3B92-4A3E-B49E-5C21343C5806}.Release|Any CPU.ActiveCfg = Release|Any CPU
		{48DD28AF-3B92-4A3E-B49E-5C21343C5806}.Release|Any CPU.Build.0 = Release|Any CPU
		{A1490742-A528-4008-AB83-8C7752BD1190}.Debug|Any CPU.ActiveCfg = Debug|Any CPU
		{A1490742-A528-4008-AB83-8C7752BD1190}.Debug|Any CPU.Build.0 = Debug|Any CPU
		{A1490742-A528-4008-AB83-8C7752BD1190}.Release|Any CPU.ActiveCfg = Release|Any CPU
		{A1490742-A528-4008-AB83-8C7752BD1190}.Release|Any CPU.Build.0 = Release|Any CPU
	EndGlobalSection
	GlobalSection(SolutionProperties) = preSolution
		HideSolutionNode = FALSE
	EndGlobalSection
	GlobalSection(NestedProjects) = preSolution
		{B46F2147-D517-4611-950F-10BBB37C414D} = {211B34B7-EF35-4D71-9B3C-0BBFB83C972D}
		{AFBF41A1-9BBC-4628-A71E-B0271C0CAAE4} = {211B34B7-EF35-4D71-9B3C-0BBFB83C972D}
		{09D20553-0F04-4F35-B513-9DB1286022C8} = {211B34B7-EF35-4D71-9B3C-0BBFB83C972D}
		{48DD28AF-3B92-4A3E-B49E-5C21343C5806} = {211B34B7-EF35-4D71-9B3C-0BBFB83C972D}
		{A1490742-A528-4008-AB83-8C7752BD1190} = {211B34B7-EF35-4D71-9B3C-0BBFB83C972D}
	EndGlobalSection
EndGlobal
